
Microsoft Visual Studio Solution File, Format Version 12.00
# Visual Studio 15
VisualStudioVersion = 15.0.27703.2035
MinimumVisualStudioVersion = 10.0.40219.1
Project("{8BC9CEB8-8B4A-11D0-8D11-00A0C91BC942}") = "archeoptical", "archeoptical\archeoptical.vcxproj", "{07C00A4E-7F37-4A27-985E-24FA085A4868}"
EndProject
Global
	GlobalSection(SolutionConfigurationPlatforms) = preSolution
		Debug|x64 = Debug|x64
		Debug|x86 = Debug|x86
		Release|x64 = Release|x64
		Release|x86 = Release|x86
	EndGlobalSection
	GlobalSection(ProjectConfigurationPlatforms) = postSolution
		{07C00A4E-7F37-4A27-985E-24FA085A4868}.Debug|x64.ActiveCfg = Debug|x64
		{07C00A4E-7F37-4A27-985E-24FA085A4868}.Debug|x64.Build.0 = Debug|x64
		{07C00A4E-7F37-4A27-985E-24FA085A4868}.Debug|x86.ActiveCfg = Debug|Win32
		{07C00A4E-7F37-4A27-985E-24FA085A4868}.Debug|x86.Build.0 = Debug|Win32
		{07C00A4E-7F37-4A27-985E-24FA085A4868}.Release|x64.ActiveCfg = Release|x64
		{07C00A4E-7F37-4A27-985E-24FA085A4868}.Release|x64.Build.0 = Release|x64
		{07C00A4E-7F37-4A27-985E-24FA085A4868}.Release|x86.ActiveCfg = Release|Win32
		{07C00A4E-7F37-4A27-985E-24FA085A4868}.Release|x86.Build.0 = Release|Win32
	EndGlobalSection
	GlobalSection(SolutionProperties) = preSolution
		HideSolutionNode = FALSE
	EndGlobalSection
	GlobalSection(ExtensibilityGlobals) = postSolution
		SolutionGuid = {1258142B-89D8-48E8-814E-8AB383E47D01}
	EndGlobalSection
EndGlobal
