<?xml version="1.0" encoding="utf-8"?>
<Project ToolsVersion="4.0" xmlns="http://schemas.microsoft.com/developer/msbuild/2003">
  <ItemGroup>
    <Filter Include="Source Files">
      <UniqueIdentifier>{4FC737F1-C7A5-4376-A066-2A32D752A2FF}</UniqueIdentifier>
      <Extensions>cpp;c;cc;cxx;def;odl;idl;hpj;bat;asm;asmx</Extensions>
    </Filter>
    <Filter Include="Header Files">
      <UniqueIdentifier>{93995380-89BD-4b04-88EB-625FBE52EBFB}</UniqueIdentifier>
      <Extensions>h;hh;hpp;hxx;hm;inl;inc;ipp;xsd</Extensions>
    </Filter>
    <Filter Include="Resource Files">
      <UniqueIdentifier>{67DA6AB6-F800-4c08-8B7A-83BB121AAD01}</UniqueIdentifier>
      <Extensions>rc;ico;cur;bmp;dlg;rc2;rct;bin;rgs;gif;jpg;jpeg;jpe;resx;tiff;tif;png;wav;mfcribbon-ms</Extensions>
    </Filter>
    <Filter Include="Header Files\Vulkan">
      <UniqueIdentifier>{53c4341b-b156-4a4c-b3f7-7374b77de179}</UniqueIdentifier>
    </Filter>
    <Filter Include="Source Files\Vulkan">
      <UniqueIdentifier>{0860d210-8fc9-4cb9-ac2a-342f5aa6d89e}</UniqueIdentifier>
    </Filter>
    <Filter Include="Resource Files\Builtin Shaders">
      <UniqueIdentifier>{15e0d441-5813-4ab3-81e5-27756fb6fc17}</UniqueIdentifier>
    </Filter>
    <Filter Include="Header Files\Vendor">
      <UniqueIdentifier>{0970e065-ebe0-4e70-8442-8289e97c1ba0}</UniqueIdentifier>
    </Filter>
  </ItemGroup>
  <ItemGroup>
    <ClInclude Include="stdafx.h">
      <Filter>Header Files</Filter>
    </ClInclude>
    <ClInclude Include="targetver.h">
      <Filter>Header Files</Filter>
    </ClInclude>
    <ClInclude Include="Window.hpp">
      <Filter>Header Files</Filter>
    </ClInclude>
    <ClInclude Include="Configuration.hpp">
      <Filter>Header Files</Filter>
    </ClInclude>
    <ClInclude Include="Playback.hpp">
      <Filter>Header Files</Filter>
    </ClInclude>
    <ClInclude Include="VulkanApplicationBuilder.h">
      <Filter>Header Files</Filter>
    </ClInclude>
    <ClInclude Include="VulkanDebugUtilsMessenger.h">
      <Filter>Header Files</Filter>
    </ClInclude>
    <ClInclude Include="AppVulkanLogger.h">
      <Filter>Header Files</Filter>
    </ClInclude>
    <ClInclude Include="Vulkan.hpp">
      <Filter>Header Files\Vulkan</Filter>
    </ClInclude>
    <ClInclude Include="VulkanDevice.h">
      <Filter>Header Files\Vulkan</Filter>
    </ClInclude>
    <ClInclude Include="VulkanSwapChain.h">
      <Filter>Header Files\Vulkan</Filter>
    </ClInclude>
    <ClInclude Include="VulkanGraphicsPipeline.h">
      <Filter>Header Files\Vulkan</Filter>
    </ClInclude>
    <ClInclude Include="VulkanGraphicsPipelineBuilder.h">
      <Filter>Header Files\Vulkan</Filter>
    </ClInclude>
    <ClInclude Include="VulkanPhysicalMemory.h">
      <Filter>Header Files\Vulkan</Filter>
    </ClInclude>
    <ClInclude Include="VulkanMemory.h">
      <Filter>Header Files\Vulkan</Filter>
    </ClInclude>
    <ClInclude Include="VulkanMemoryAllocator.h">
      <Filter>Header Files\Vulkan</Filter>
    </ClInclude>
    <ClInclude Include="VulkanMemoryRequirementsAllocator.h">
      <Filter>Header Files\Vulkan</Filter>
    </ClInclude>
    <ClInclude Include="VulkanImageMemoryAllocator.h">
      <Filter>Header Files\Vulkan</Filter>
    </ClInclude>
    <ClInclude Include="VulkanImage.h">
      <Filter>Header Files\Vulkan</Filter>
    </ClInclude>
    <ClInclude Include="VulkanImageView.h">
      <Filter>Header Files\Vulkan</Filter>
    </ClInclude>
    <ClInclude Include="CommonImageFormats.h">
      <Filter>Header Files\Vulkan</Filter>
    </ClInclude>
    <ClInclude Include="VulkanDescriptorSetLayout.h">
      <Filter>Header Files\Vulkan</Filter>
    </ClInclude>
    <ClInclude Include="VulkanPipelineLayout.h">
      <Filter>Header Files\Vulkan</Filter>
    </ClInclude>
    <ClInclude Include="VulkanObjectBuilder.h">
      <Filter>Header Files\Vulkan</Filter>
    </ClInclude>
    <ClInclude Include="VulkanDescriptorPool.h">
      <Filter>Header Files\Vulkan</Filter>
    </ClInclude>
    <ClInclude Include="VulkanCommandPool.h">
      <Filter>Header Files\Vulkan</Filter>
    </ClInclude>
    <ClInclude Include="VulkanCommandBuffer.h">
      <Filter>Header Files\Vulkan</Filter>
    </ClInclude>
    <ClInclude Include="BuiltinShaders.h">
      <Filter>Header Files</Filter>
    </ClInclude>
    <ClInclude Include="VulkanDescriptorSet.h">
      <Filter>Header Files\Vulkan</Filter>
    </ClInclude>
    <ClInclude Include="VulkanFramebuffer.h">
      <Filter>Header Files\Vulkan</Filter>
    </ClInclude>
    <ClInclude Include="VulkanShaderModule.h">
      <Filter>Header Files\Vulkan</Filter>
    </ClInclude>
    <ClInclude Include="VulkanRenderPass.h">
      <Filter>Header Files\Vulkan</Filter>
    </ClInclude>
    <ClInclude Include="resource.h">
      <Filter>Resource Files</Filter>
    </ClInclude>
    <ClInclude Include="VulkanSampler.h">
      <Filter>Header Files\Vulkan</Filter>
    </ClInclude>
    <ClInclude Include="renderdoc_app.h">
      <Filter>Header Files\Vendor</Filter>
    </ClInclude>
    <ClInclude Include="framework.h">
      <Filter>Header Files</Filter>
    </ClInclude>
    <ClInclude Include="VulkanWindow.h">
      <Filter>Header Files\Vulkan</Filter>
    </ClInclude>
  </ItemGroup>
  <ItemGroup>
    <ClCompile Include="stdafx.cpp">
      <Filter>Source Files</Filter>
    </ClCompile>
    <ClCompile Include="Window.cpp">
      <Filter>Source Files</Filter>
    </ClCompile>
    <ClCompile Include="Main.cpp">
      <Filter>Source Files</Filter>
    </ClCompile>
    <ClCompile Include="Configuration.cpp">
      <Filter>Source Files</Filter>
    </ClCompile>
    <ClCompile Include="Playback.cpp">
      <Filter>Source Files</Filter>
    </ClCompile>
    <ClCompile Include="VulkanApplicationBuilder.cpp">
      <Filter>Source Files</Filter>
    </ClCompile>
    <ClCompile Include="VulkanDebugUtilsMessenger.cpp">
      <Filter>Source Files</Filter>
    </ClCompile>
    <ClCompile Include="AppVulkanLogger.cpp">
      <Filter>Source Files</Filter>
    </ClCompile>
    <ClCompile Include="Vulkan.cpp">
      <Filter>Source Files\Vulkan</Filter>
    </ClCompile>
    <ClCompile Include="VulkanShader.cpp">
      <Filter>Source Files\Vulkan</Filter>
    </ClCompile>
    <ClCompile Include="VulkanDevice.cpp">
      <Filter>Source Files\Vulkan</Filter>
    </ClCompile>
    <ClCompile Include="VulkanSwapChain.cpp">
      <Filter>Source Files\Vulkan</Filter>
    </ClCompile>
    <ClCompile Include="VulkanGraphicsPipeline.cpp">
      <Filter>Source Files\Vulkan</Filter>
    </ClCompile>
    <ClCompile Include="BuiltinShaders.cpp">
      <Filter>Source Files</Filter>
    </ClCompile>
    <ClCompile Include="framework.cpp">
      <Filter>Source Files</Filter>
    </ClCompile>
    <ClCompile Include="VulkanWindow.cpp">
      <Filter>Source Files\Vulkan</Filter>
    </ClCompile>
  </ItemGroup>
  <ItemGroup>
    <Manifest Include="windows.manifest">
      <Filter>Resource Files</Filter>
    </Manifest>
  </ItemGroup>
  <ItemGroup>
    <CustomBuild Include="fullscreen-triangle.vert">
      <Filter>Resource Files\Builtin Shaders</Filter>
    </CustomBuild>
    <CustomBuild Include="sdr-output.frag">
      <Filter>Resource Files\Builtin Shaders</Filter>
    </CustomBuild>
  </ItemGroup>
  <ItemGroup>
    <ResourceCompile Include="Resource.rc">
      <Filter>Resource Files</Filter>
    </ResourceCompile>
  </ItemGroup>
  <ItemGroup>
    <None Include="cpp.hint" />
  </ItemGroup>
</Project>